
Microsoft Visual Studio Solution File, Format Version 12.00
# Visual Studio 15
VisualStudioVersion = 15.0.27703.2042
MinimumVisualStudioVersion = 10.0.40219.1
Project("{FAE04EC0-301F-11D3-BF4B-00C04F79EFBC}") = "MVC", "MVC\MVC.csproj", "{81A188EE-BED1-4E02-B588-971E48BAA761}"
EndProject
Project("{FAE04EC0-301F-11D3-BF4B-00C04F79EFBC}") = "MVC.Tests", "MVC.Tests\MVC.Tests.csproj", "{61EE0A01-0A1F-4EA7-A20E-A25C564B9B64}"
EndProject
Global
	GlobalSection(SolutionConfigurationPlatforms) = preSolution
		Debug|Any CPU = Debug|Any CPU
		Release|Any CPU = Release|Any CPU
	EndGlobalSection
	GlobalSection(ProjectConfigurationPlatforms) = postSolution
		{81A188EE-BED1-4E02-B588-971E48BAA761}.Debug|Any CPU.ActiveCfg = Debug|Any CPU
		{81A188EE-BED1-4E02-B588-971E48BAA761}.Debug|Any CPU.Build.0 = Debug|Any CPU
		{81A188EE-BED1-4E02-B588-971E48BAA761}.Release|Any CPU.ActiveCfg = Release|Any CPU
		{81A188EE-BED1-4E02-B588-971E48BAA761}.Release|Any CPU.Build.0 = Release|Any CPU
		{61EE0A01-0A1F-4EA7-A20E-A25C564B9B64}.Debug|Any CPU.ActiveCfg = Debug|Any CPU
		{61EE0A01-0A1F-4EA7-A20E-A25C564B9B64}.Debug|Any CPU.Build.0 = Debug|Any CPU
		{61EE0A01-0A1F-4EA7-A20E-A25C564B9B64}.Release|Any CPU.ActiveCfg = Release|Any CPU
		{61EE0A01-0A1F-4EA7-A20E-A25C564B9B64}.Release|Any CPU.Build.0 = Release|Any CPU
	EndGlobalSection
	GlobalSection(SolutionProperties) = preSolution
		HideSolutionNode = FALSE
	EndGlobalSection
	GlobalSection(ExtensibilityGlobals) = postSolution
		SolutionGuid = {F96EA9DE-29DE-43DD-9FD0-EBB439E8574B}
	EndGlobalSection
EndGlobal
